
Microsoft Visual Studio Solution File, Format Version 12.00
Project("{FAE04EC0-301F-11D3-BF4B-00C04F79EFBC}") = "SteamUtils", "SteamUtils\SteamUtils.csproj", "{7856D93B-AC96-4C71-84E2-52BD5143ED33}"
EndProject
Project("{FAE04EC0-301F-11D3-BF4B-00C04F79EFBC}") = "SchemaBuilder", "SchemaBuilder\SchemaBuilder.csproj", "{CFFE0868-691A-4E2E-AA5E-7BC6A898AF80}"
EndProject
Project("{2150E333-8FDC-42A3-9474-1A3956D46DE8}") = ".github", ".github", "{F51A3B79-937D-4534-9EF5-1A27367439C2}"
	ProjectSection(SolutionItems) = preProject
		.github\dotnet.yml = .github\dotnet.yml
	EndProjectSection
EndProject
Global
	GlobalSection(SolutionConfigurationPlatforms) = preSolution
		Debug|x64 = Debug|x64
		Release|x64 = Release|x64
	EndGlobalSection
	GlobalSection(ProjectConfigurationPlatforms) = postSolution
		{7856D93B-AC96-4C71-84E2-52BD5143ED33}.Debug|x64.ActiveCfg = Debug|x64
		{7856D93B-AC96-4C71-84E2-52BD5143ED33}.Debug|x64.Build.0 = Debug|x64
		{7856D93B-AC96-4C71-84E2-52BD5143ED33}.Release|x64.ActiveCfg = Release|x64
		{7856D93B-AC96-4C71-84E2-52BD5143ED33}.Release|x64.Build.0 = Release|x64
		{CFFE0868-691A-4E2E-AA5E-7BC6A898AF80}.Debug|x64.ActiveCfg = Debug|x64
		{CFFE0868-691A-4E2E-AA5E-7BC6A898AF80}.Debug|x64.Build.0 = Debug|x64
		{CFFE0868-691A-4E2E-AA5E-7BC6A898AF80}.Release|x64.ActiveCfg = Release|x64
		{CFFE0868-691A-4E2E-AA5E-7BC6A898AF80}.Release|x64.Build.0 = Release|x64
	EndGlobalSection
EndGlobal
